
Microsoft Visual Studio Solution File, Format Version 11.00
# Visual Studio 2010
Project("{FAE04EC0-301F-11D3-BF4B-00C04F79EFBC}") = "SampleWebAPI", "SampleWebAPI\SampleWebAPI.csproj", "{D33AB310-A3D0-45E3-8602-6D8FA51644F6}"
EndProject
Project("{FAE04EC0-301F-11D3-BF4B-00C04F79EFBC}") = "SampleApp.Core", "SampleApp.Core\SampleApp.Core.csproj", "{06CD65A5-15A0-48F1-BEC3-11BEE0050141}"
EndProject
Project("{2150E333-8FDC-42A3-9474-1A3956D46DE8}") = "packages", "packages", "{9C912DFB-391E-4841-A339-D840A3DE7896}"
EndProject
Global
	GlobalSection(SolutionConfigurationPlatforms) = preSolution
		Debug|Any CPU = Debug|Any CPU
		Release|Any CPU = Release|Any CPU
	EndGlobalSection
	GlobalSection(ProjectConfigurationPlatforms) = postSolution
		{D33AB310-A3D0-45E3-8602-6D8FA51644F6}.Debug|Any CPU.ActiveCfg = Debug|Any CPU
		{D33AB310-A3D0-45E3-8602-6D8FA51644F6}.Debug|Any CPU.Build.0 = Debug|Any CPU
		{D33AB310-A3D0-45E3-8602-6D8FA51644F6}.Release|Any CPU.ActiveCfg = Release|Any CPU
		{D33AB310-A3D0-45E3-8602-6D8FA51644F6}.Release|Any CPU.Build.0 = Release|Any CPU
		{06CD65A5-15A0-48F1-BEC3-11BEE0050141}.Debug|Any CPU.ActiveCfg = Debug|Any CPU
		{06CD65A5-15A0-48F1-BEC3-11BEE0050141}.Debug|Any CPU.Build.0 = Debug|Any CPU
		{06CD65A5-15A0-48F1-BEC3-11BEE0050141}.Release|Any CPU.ActiveCfg = Release|Any CPU
		{06CD65A5-15A0-48F1-BEC3-11BEE0050141}.Release|Any CPU.Build.0 = Release|Any CPU
	EndGlobalSection
	GlobalSection(SolutionProperties) = preSolution
		HideSolutionNode = FALSE
	EndGlobalSection
EndGlobal
